
Microsoft Visual Studio Solution File, Format Version 12.00
# Visual Studio Version 16
VisualStudioVersion = 25.0.1706.5
MinimumVisualStudioVersion = 10.0.40219.1
Project("{FAE04EC0-301F-11D3-BF4B-00C04F79EFBC}") = "P02_VillainNames", "P02_VillainNames\P02_VillainNames.csproj", "{B475ADBB-0C81-4457-9CB1-EBE4D44D1227}"
EndProject
Project("{FAE04EC0-301F-11D3-BF4B-00C04F79EFBC}") = "P03_MinionNames", "P03_MinionNames\P03_MinionNames.csproj", "{E5A81D5B-E20A-4ED3-89BA-B58D55E8770A}"
EndProject
Global
	GlobalSection(SolutionConfigurationPlatforms) = preSolution
		Debug|Any CPU = Debug|Any CPU
		Release|Any CPU = Release|Any CPU
	EndGlobalSection
	GlobalSection(ProjectConfigurationPlatforms) = postSolution
		{B475ADBB-0C81-4457-9CB1-EBE4D44D1227}.Debug|Any CPU.ActiveCfg = Debug|Any CPU
		{B475ADBB-0C81-4457-9CB1-EBE4D44D1227}.Debug|Any CPU.Build.0 = Debug|Any CPU
		{B475ADBB-0C81-4457-9CB1-EBE4D44D1227}.Release|Any CPU.ActiveCfg = Release|Any CPU
		{B475ADBB-0C81-4457-9CB1-EBE4D44D1227}.Release|Any CPU.Build.0 = Release|Any CPU
		{E5A81D5B-E20A-4ED3-89BA-B58D55E8770A}.Debug|Any CPU.ActiveCfg = Debug|Any CPU
		{E5A81D5B-E20A-4ED3-89BA-B58D55E8770A}.Debug|Any CPU.Build.0 = Debug|Any CPU
		{E5A81D5B-E20A-4ED3-89BA-B58D55E8770A}.Release|Any CPU.ActiveCfg = Release|Any CPU
		{E5A81D5B-E20A-4ED3-89BA-B58D55E8770A}.Release|Any CPU.Build.0 = Release|Any CPU
	EndGlobalSection
	GlobalSection(SolutionProperties) = preSolution
		HideSolutionNode = FALSE
	EndGlobalSection
	GlobalSection(ExtensibilityGlobals) = postSolution
		SolutionGuid = {0703FAC4-DA2D-4156-B9E8-A1663C9E2EC7}
	EndGlobalSection
EndGlobal
